
Microsoft Visual Studio Solution File, Format Version 12.00
# Visual Studio Version 17
VisualStudioVersion = 17.9.34728.123
MinimumVisualStudioVersion = 10.0.40219.1
Project("{8BC9CEB8-8B4A-11D0-8D11-00A0C91BC942}") = "ConsoleApplication6", "ConsoleApplication6.vcxproj", "{954C380F-1B21-4386-B309-E3FDE35A8073}"
EndProject
Global
	GlobalSection(SolutionConfigurationPlatforms) = preSolution
		Debug|x64 = Debug|x64
		Debug|x86 = Debug|x86
		Release|x64 = Release|x64
		Release|x86 = Release|x86
	EndGlobalSection
	GlobalSection(ProjectConfigurationPlatforms) = postSolution
		{954C380F-1B21-4386-B309-E3FDE35A8073}.Debug|x64.ActiveCfg = Debug|x64
		{954C380F-1B21-4386-B309-E3FDE35A8073}.Debug|x64.Build.0 = Debug|x64
		{954C380F-1B21-4386-B309-E3FDE35A8073}.Debug|x86.ActiveCfg = Debug|Win32
		{954C380F-1B21-4386-B309-E3FDE35A8073}.Debug|x86.Build.0 = Debug|Win32
		{954C380F-1B21-4386-B309-E3FDE35A8073}.Release|x64.ActiveCfg = Release|x64
		{954C380F-1B21-4386-B309-E3FDE35A8073}.Release|x64.Build.0 = Release|x64
		{954C380F-1B21-4386-B309-E3FDE35A8073}.Release|x86.ActiveCfg = Release|Win32
		{954C380F-1B21-4386-B309-E3FDE35A8073}.Release|x86.Build.0 = Release|Win32
	EndGlobalSection
	GlobalSection(SolutionProperties) = preSolution
		HideSolutionNode = FALSE
	EndGlobalSection
	GlobalSection(ExtensibilityGlobals) = postSolution
		SolutionGuid = {5AEABD24-5A1B-4750-9FA2-293B64AA2887}
	EndGlobalSection
EndGlobal
